
Microsoft Visual Studio Solution File, Format Version 12.00
# Visual Studio Version 17
VisualStudioVersion = 17.4.33213.308
MinimumVisualStudioVersion = 10.0.40219.1
Project("{FAE04EC0-301F-11D3-BF4B-00C04F79EFBC}") = "TeamProject", "TeamProject.csproj", "{72145D7B-16DF-42D2-9F13-45DABE566AFF}"
EndProject
Global
	GlobalSection(SolutionConfigurationPlatforms) = preSolution
		Debug|Any CPU = Debug|Any CPU
		Release|Any CPU = Release|Any CPU
	EndGlobalSection
	GlobalSection(ProjectConfigurationPlatforms) = postSolution
		{72145D7B-16DF-42D2-9F13-45DABE566AFF}.Debug|Any CPU.ActiveCfg = Debug|Any CPU
		{72145D7B-16DF-42D2-9F13-45DABE566AFF}.Debug|Any CPU.Build.0 = Debug|Any CPU
		{72145D7B-16DF-42D2-9F13-45DABE566AFF}.Release|Any CPU.ActiveCfg = Release|Any CPU
		{72145D7B-16DF-42D2-9F13-45DABE566AFF}.Release|Any CPU.Build.0 = Release|Any CPU
	EndGlobalSection
	GlobalSection(SolutionProperties) = preSolution
		HideSolutionNode = FALSE
	EndGlobalSection
	GlobalSection(ExtensibilityGlobals) = postSolution
		SolutionGuid = {BD8CBE0E-9A0B-4DA0-BF17-97CA6BD118E2}
	EndGlobalSection
EndGlobal
